
Microsoft Visual Studio Solution File, Format Version 12.00
# Visual Studio Version 17
VisualStudioVersion = 17.2.32630.192
MinimumVisualStudioVersion = 10.0.40219.1
Project("{9A19103F-16F7-4668-BE54-9A1E7A4F7556}") = "F10Y.NG0006.Construction", "F10Y.NG0006.Construction\F10Y.NG0006.Construction.csproj", "{658F7DC1-94CB-46CE-84DB-76493B40FEF8}"
EndProject
Project("{9A19103F-16F7-4668-BE54-9A1E7A4F7556}") = "F10Y.NG0006", "F10Y.NG0006\F10Y.NG0006.csproj", "{4C615213-1076-42AC-B3B6-13C5C3CA7F07}"
EndProject
Global
	GlobalSection(SolutionConfigurationPlatforms) = preSolution
		Debug|Any CPU = Debug|Any CPU
		Release|Any CPU = Release|Any CPU
	EndGlobalSection
	GlobalSection(ProjectConfigurationPlatforms) = postSolution
		{658F7DC1-94CB-46CE-84DB-76493B40FEF8}.Debug|Any CPU.ActiveCfg = Debug|Any CPU
		{658F7DC1-94CB-46CE-84DB-76493B40FEF8}.Debug|Any CPU.Build.0 = Debug|Any CPU
		{658F7DC1-94CB-46CE-84DB-76493B40FEF8}.Release|Any CPU.ActiveCfg = Release|Any CPU
		{658F7DC1-94CB-46CE-84DB-76493B40FEF8}.Release|Any CPU.Build.0 = Release|Any CPU
		{4C615213-1076-42AC-B3B6-13C5C3CA7F07}.Debug|Any CPU.ActiveCfg = Debug|Any CPU
		{4C615213-1076-42AC-B3B6-13C5C3CA7F07}.Debug|Any CPU.Build.0 = Debug|Any CPU
		{4C615213-1076-42AC-B3B6-13C5C3CA7F07}.Release|Any CPU.ActiveCfg = Release|Any CPU
		{4C615213-1076-42AC-B3B6-13C5C3CA7F07}.Release|Any CPU.Build.0 = Release|Any CPU
	EndGlobalSection
	GlobalSection(SolutionProperties) = preSolution
		HideSolutionNode = FALSE
	EndGlobalSection
	GlobalSection(ExtensibilityGlobals) = postSolution
		SolutionGuid = {ED15CBB1-DB35-41D9-9918-5160542D7597}
	EndGlobalSection
EndGlobal
